{
  "requires": true,
  "lockfileVersion": 1,
  "dependencies": {
    "buefy": {
      "version": "0.9.1",
      "resolved": "https://registry.npmjs.org/buefy/-/buefy-0.9.1.tgz",
      "integrity": "sha512-xS4UkNzliPKHYEHB+k1tUjdKiuozQSxxhTrOI3Oh391cYAN66op6ZAzn4WiLQtKMR968XwmFj9WvFAJMdLc/cw==",
      "requires": {
        "bulma": "0.9.0"
      }
    },
    "bulma": {
      "version": "0.9.0",
      "resolved": "https://registry.npmjs.org/bulma/-/bulma-0.9.0.tgz",
      "integrity": "sha512-rV75CJkubNUroAt0qCRkjznZLoaXq/ctfMXsMvKSL84UetbSyx5REl96e8GoQ04G4Tkw0XF3STECffTOQrbzOQ=="
    }
  }
}
